{
  "object": {
    "pins": [
      {
        "package": "Alamofire",
        "repositoryURL": "https://github.com/Alamofire/Alamofire.git",
        "state": {
          "branch": null,
          "revision": "f96b619bcb2383b43d898402283924b80e2c4bae",
          "version": "5.4.3"
        }
      },
      {
        "package": "FLAnimatedImage",
        "repositoryURL": "https://github.com/Flipboard/FLAnimatedImage.git",
        "state": {
          "branch": null,
          "revision": "e7f9fd4681ae41bf6f3056db08af4f401d61da52",
          "version": "1.0.16"
        }
      }
    ]
  },
  "version": 1
}
